
Microsoft Visual Studio Solution File, Format Version 12.00
# Visual Studio Version 17
VisualStudioVersion = 17.6.33712.159
MinimumVisualStudioVersion = 10.0.40219.1
Project("{2150E333-8FDC-42A3-9474-1A3956D46DE8}") = "Lesson1", "Lesson1", "{D276FC3E-C6FD-4279-B9C1-024AFF0D4686}"
EndProject
Project("{8BC9CEB8-8B4A-11D0-8D11-00A0C91BC942}") = "DigitsAndCharacters", "Lesson1\DigitsAndCharacters\DigitsAndCharacters.vcxproj", "{F5754D6A-45B0-4624-A6B5-02DA7A0C57AB}"
EndProject
Project("{2150E333-8FDC-42A3-9474-1A3956D46DE8}") = "Lesson2", "Lesson2", "{970FC118-8DED-4215-9B9F-C7578BDC4E77}"
EndProject
Project("{8BC9CEB8-8B4A-11D0-8D11-00A0C91BC942}") = "Program", "Lesson2\Program\Program.vcxproj", "{50E6A3F6-0FDD-4773-8FC0-2369B9F681B5}"
EndProject
Project("{2150E333-8FDC-42A3-9474-1A3956D46DE8}") = "Lesson3", "Lesson3", "{52583313-4E3D-4907-8CCF-DEC80E02CE86}"
EndProject
Project("{8BC9CEB8-8B4A-11D0-8D11-00A0C91BC942}") = "Array", "Lesson3\Array\Array.vcxproj", "{B751EC70-2552-4FFC-958F-D013F418E53C}"
EndProject
Project("{2150E333-8FDC-42A3-9474-1A3956D46DE8}") = "Lesson4", "Lesson4", "{E85B875D-1141-4E8E-874D-A455EE02E3CC}"
EndProject
Project("{8BC9CEB8-8B4A-11D0-8D11-00A0C91BC942}") = "Arrays", "Lesson4\Arrays\Arrays.vcxproj", "{4CAFCC8D-E88E-49FB-BF39-DAF3AFECADCA}"
EndProject
Project("{8BC9CEB8-8B4A-11D0-8D11-00A0C91BC942}") = "StdArray", "Lesson4\StdArray\StdArray.vcxproj", "{32F2942F-CDFD-4641-9F03-7EC34A6DE7CD}"
EndProject
Project("{8BC9CEB8-8B4A-11D0-8D11-00A0C91BC942}") = "Print", "Lesson4\Print\Print.vcxproj", "{ABF2FB10-8E15-44FF-B60D-AB8FB73877AB}"
EndProject
Global
	GlobalSection(SolutionConfigurationPlatforms) = preSolution
		Debug|x64 = Debug|x64
		Debug|x86 = Debug|x86
		Release|x64 = Release|x64
		Release|x86 = Release|x86
	EndGlobalSection
	GlobalSection(ProjectConfigurationPlatforms) = postSolution
		{F5754D6A-45B0-4624-A6B5-02DA7A0C57AB}.Debug|x64.ActiveCfg = Debug|x64
		{F5754D6A-45B0-4624-A6B5-02DA7A0C57AB}.Debug|x64.Build.0 = Debug|x64
		{F5754D6A-45B0-4624-A6B5-02DA7A0C57AB}.Debug|x86.ActiveCfg = Debug|Win32
		{F5754D6A-45B0-4624-A6B5-02DA7A0C57AB}.Debug|x86.Build.0 = Debug|Win32
		{F5754D6A-45B0-4624-A6B5-02DA7A0C57AB}.Release|x64.ActiveCfg = Release|x64
		{F5754D6A-45B0-4624-A6B5-02DA7A0C57AB}.Release|x64.Build.0 = Release|x64
		{F5754D6A-45B0-4624-A6B5-02DA7A0C57AB}.Release|x86.ActiveCfg = Release|Win32
		{F5754D6A-45B0-4624-A6B5-02DA7A0C57AB}.Release|x86.Build.0 = Release|Win32
		{50E6A3F6-0FDD-4773-8FC0-2369B9F681B5}.Debug|x64.ActiveCfg = Debug|x64
		{50E6A3F6-0FDD-4773-8FC0-2369B9F681B5}.Debug|x64.Build.0 = Debug|x64
		{50E6A3F6-0FDD-4773-8FC0-2369B9F681B5}.Debug|x86.ActiveCfg = Debug|Win32
		{50E6A3F6-0FDD-4773-8FC0-2369B9F681B5}.Debug|x86.Build.0 = Debug|Win32
		{50E6A3F6-0FDD-4773-8FC0-2369B9F681B5}.Release|x64.ActiveCfg = Release|x64
		{50E6A3F6-0FDD-4773-8FC0-2369B9F681B5}.Release|x64.Build.0 = Release|x64
		{50E6A3F6-0FDD-4773-8FC0-2369B9F681B5}.Release|x86.ActiveCfg = Release|Win32
		{50E6A3F6-0FDD-4773-8FC0-2369B9F681B5}.Release|x86.Build.0 = Release|Win32
		{B751EC70-2552-4FFC-958F-D013F418E53C}.Debug|x64.ActiveCfg = Debug|x64
		{B751EC70-2552-4FFC-958F-D013F418E53C}.Debug|x64.Build.0 = Debug|x64
		{B751EC70-2552-4FFC-958F-D013F418E53C}.Debug|x86.ActiveCfg = Debug|Win32
		{B751EC70-2552-4FFC-958F-D013F418E53C}.Debug|x86.Build.0 = Debug|Win32
		{B751EC70-2552-4FFC-958F-D013F418E53C}.Release|x64.ActiveCfg = Release|x64
		{B751EC70-2552-4FFC-958F-D013F418E53C}.Release|x64.Build.0 = Release|x64
		{B751EC70-2552-4FFC-958F-D013F418E53C}.Release|x86.ActiveCfg = Release|Win32
		{B751EC70-2552-4FFC-958F-D013F418E53C}.Release|x86.Build.0 = Release|Win32
		{4CAFCC8D-E88E-49FB-BF39-DAF3AFECADCA}.Debug|x64.ActiveCfg = Debug|x64
		{4CAFCC8D-E88E-49FB-BF39-DAF3AFECADCA}.Debug|x64.Build.0 = Debug|x64
		{4CAFCC8D-E88E-49FB-BF39-DAF3AFECADCA}.Debug|x86.ActiveCfg = Debug|Win32
		{4CAFCC8D-E88E-49FB-BF39-DAF3AFECADCA}.Debug|x86.Build.0 = Debug|Win32
		{4CAFCC8D-E88E-49FB-BF39-DAF3AFECADCA}.Release|x64.ActiveCfg = Release|x64
		{4CAFCC8D-E88E-49FB-BF39-DAF3AFECADCA}.Release|x64.Build.0 = Release|x64
		{4CAFCC8D-E88E-49FB-BF39-DAF3AFECADCA}.Release|x86.ActiveCfg = Release|Win32
		{4CAFCC8D-E88E-49FB-BF39-DAF3AFECADCA}.Release|x86.Build.0 = Release|Win32
		{32F2942F-CDFD-4641-9F03-7EC34A6DE7CD}.Debug|x64.ActiveCfg = Debug|x64
		{32F2942F-CDFD-4641-9F03-7EC34A6DE7CD}.Debug|x64.Build.0 = Debug|x64
		{32F2942F-CDFD-4641-9F03-7EC34A6DE7CD}.Debug|x86.ActiveCfg = Debug|Win32
		{32F2942F-CDFD-4641-9F03-7EC34A6DE7CD}.Debug|x86.Build.0 = Debug|Win32
		{32F2942F-CDFD-4641-9F03-7EC34A6DE7CD}.Release|x64.ActiveCfg = Release|x64
		{32F2942F-CDFD-4641-9F03-7EC34A6DE7CD}.Release|x64.Build.0 = Release|x64
		{32F2942F-CDFD-4641-9F03-7EC34A6DE7CD}.Release|x86.ActiveCfg = Release|Win32
		{32F2942F-CDFD-4641-9F03-7EC34A6DE7CD}.Release|x86.Build.0 = Release|Win32
		{ABF2FB10-8E15-44FF-B60D-AB8FB73877AB}.Debug|x64.ActiveCfg = Debug|x64
		{ABF2FB10-8E15-44FF-B60D-AB8FB73877AB}.Debug|x64.Build.0 = Debug|x64
		{ABF2FB10-8E15-44FF-B60D-AB8FB73877AB}.Debug|x86.ActiveCfg = Debug|Win32
		{ABF2FB10-8E15-44FF-B60D-AB8FB73877AB}.Debug|x86.Build.0 = Debug|Win32
		{ABF2FB10-8E15-44FF-B60D-AB8FB73877AB}.Release|x64.ActiveCfg = Release|x64
		{ABF2FB10-8E15-44FF-B60D-AB8FB73877AB}.Release|x64.Build.0 = Release|x64
		{ABF2FB10-8E15-44FF-B60D-AB8FB73877AB}.Release|x86.ActiveCfg = Release|Win32
		{ABF2FB10-8E15-44FF-B60D-AB8FB73877AB}.Release|x86.Build.0 = Release|Win32
	EndGlobalSection
	GlobalSection(SolutionProperties) = preSolution
		HideSolutionNode = FALSE
	EndGlobalSection
	GlobalSection(NestedProjects) = preSolution
		{F5754D6A-45B0-4624-A6B5-02DA7A0C57AB} = {D276FC3E-C6FD-4279-B9C1-024AFF0D4686}
		{50E6A3F6-0FDD-4773-8FC0-2369B9F681B5} = {970FC118-8DED-4215-9B9F-C7578BDC4E77}
		{B751EC70-2552-4FFC-958F-D013F418E53C} = {52583313-4E3D-4907-8CCF-DEC80E02CE86}
		{4CAFCC8D-E88E-49FB-BF39-DAF3AFECADCA} = {E85B875D-1141-4E8E-874D-A455EE02E3CC}
		{32F2942F-CDFD-4641-9F03-7EC34A6DE7CD} = {E85B875D-1141-4E8E-874D-A455EE02E3CC}
		{ABF2FB10-8E15-44FF-B60D-AB8FB73877AB} = {E85B875D-1141-4E8E-874D-A455EE02E3CC}
	EndGlobalSection
	GlobalSection(ExtensibilityGlobals) = postSolution
		SolutionGuid = {3BC6D438-D4C6-4D2B-BFD2-17E8B9DAF970}
	EndGlobalSection
EndGlobal
